
Microsoft Visual Studio Solution File, Format Version 12.00
# Visual Studio Version 17
VisualStudioVersion = 17.7.34003.232
MinimumVisualStudioVersion = 10.0.40219.1
Project("{2150E333-8FDC-42A3-9474-1A3956D46DE8}") = "Lib", "Lib", "{8DB40DF5-7E4D-4ACF-81BC-6D8B3290C3BE}"
EndProject
Project("{9A19103F-16F7-4668-BE54-9A1E7A4F7556}") = "XivToolsWpf", "Lib\XivToolsWpf\XivToolsWpf.csproj", "{E63B871C-1492-4AE7-8B1E-460EDCF0273D}"
EndProject
Project("{9A19103F-16F7-4668-BE54-9A1E7A4F7556}") = "ScreenshotStudio", "ScreenshotStudio\ScreenshotStudio.csproj", "{AC3624CF-05D3-4A76-A074-3603AB1CDC78}"
EndProject
Project("{FAE04EC0-301F-11D3-BF4B-00C04F79EFBC}") = "Scripts", "Scripts\Scripts.csproj", "{E2148A3E-8097-4AAD-A739-7F13A7550577}"
EndProject
Global
	GlobalSection(SolutionConfigurationPlatforms) = preSolution
		Debug|Any CPU = Debug|Any CPU
		Release|Any CPU = Release|Any CPU
	EndGlobalSection
	GlobalSection(ProjectConfigurationPlatforms) = postSolution
		{E63B871C-1492-4AE7-8B1E-460EDCF0273D}.Debug|Any CPU.ActiveCfg = Debug|Any CPU
		{E63B871C-1492-4AE7-8B1E-460EDCF0273D}.Debug|Any CPU.Build.0 = Debug|Any CPU
		{E63B871C-1492-4AE7-8B1E-460EDCF0273D}.Release|Any CPU.ActiveCfg = Release|Any CPU
		{E63B871C-1492-4AE7-8B1E-460EDCF0273D}.Release|Any CPU.Build.0 = Release|Any CPU
		{AC3624CF-05D3-4A76-A074-3603AB1CDC78}.Debug|Any CPU.ActiveCfg = Debug|Any CPU
		{AC3624CF-05D3-4A76-A074-3603AB1CDC78}.Debug|Any CPU.Build.0 = Debug|Any CPU
		{AC3624CF-05D3-4A76-A074-3603AB1CDC78}.Release|Any CPU.ActiveCfg = Release|Any CPU
		{AC3624CF-05D3-4A76-A074-3603AB1CDC78}.Release|Any CPU.Build.0 = Release|Any CPU
		{E2148A3E-8097-4AAD-A739-7F13A7550577}.Debug|Any CPU.ActiveCfg = Debug|Any CPU
		{E2148A3E-8097-4AAD-A739-7F13A7550577}.Debug|Any CPU.Build.0 = Debug|Any CPU
		{E2148A3E-8097-4AAD-A739-7F13A7550577}.Release|Any CPU.ActiveCfg = Release|Any CPU
		{E2148A3E-8097-4AAD-A739-7F13A7550577}.Release|Any CPU.Build.0 = Release|Any CPU
	EndGlobalSection
	GlobalSection(SolutionProperties) = preSolution
		HideSolutionNode = FALSE
	EndGlobalSection
	GlobalSection(NestedProjects) = preSolution
		{E63B871C-1492-4AE7-8B1E-460EDCF0273D} = {8DB40DF5-7E4D-4ACF-81BC-6D8B3290C3BE}
	EndGlobalSection
	GlobalSection(ExtensibilityGlobals) = postSolution
		SolutionGuid = {C1E3BDD6-B182-4692-A407-317E885D5181}
	EndGlobalSection
EndGlobal
