
Microsoft Visual Studio Solution File, Format Version 12.00
# Visual Studio Version 17
VisualStudioVersion = 17.7.34003.232
MinimumVisualStudioVersion = 10.0.40219.1
Project("{2150E333-8FDC-42A3-9474-1A3956D46DE8}") = "Lib", "Lib", "{8DB40DF5-7E4D-4ACF-81BC-6D8B3290C3BE}"
EndProject
Project("{9A19103F-16F7-4668-BE54-9A1E7A4F7556}") = "StudioFourteen", "StudioFourteen\StudioFourteen.csproj", "{E1CB7F41-E129-4A9C-A321-0CF6A17DB857}"
	ProjectSection(ProjectDependencies) = postProject
		{46E9967C-C061-41B2-A56B-96B624F32278} = {46E9967C-C061-41B2-A56B-96B624F32278}
	EndProjectSection
EndProject
Project("{2150E333-8FDC-42A3-9474-1A3956D46DE8}") = "Solution Items", "Solution Items", "{086F6223-CD9E-4F5F-8266-4388C208D63E}"
	ProjectSection(SolutionItems) = preProject
		.editorconfig = .editorconfig
		repo.json = repo.json
	EndProjectSection
EndProject
Project("{9A19103F-16F7-4668-BE54-9A1E7A4F7556}") = "StudioFourteen.Generators", "StudioFourteen.Generators\StudioFourteen.Generators.csproj", "{32FDA6F4-88C6-43B9-A9E8-7E586BF19F7D}"
EndProject
Project("{8BC9CEB8-8B4A-11D0-8D11-00A0C91BC942}") = "StudioFourteen.Reshade", "StudioFourteen.Reshade\StudioFourteen.Reshade.vcxproj", "{46E9967C-C061-41B2-A56B-96B624F32278}"
EndProject
Global
	GlobalSection(SolutionConfigurationPlatforms) = preSolution
		Debug|Any CPU = Debug|Any CPU
		Debug|x64 = Debug|x64
		Debug|x86 = Debug|x86
		Release|Any CPU = Release|Any CPU
		Release|x64 = Release|x64
		Release|x86 = Release|x86
	EndGlobalSection
	GlobalSection(ProjectConfigurationPlatforms) = postSolution
		{E1CB7F41-E129-4A9C-A321-0CF6A17DB857}.Debug|Any CPU.ActiveCfg = Debug|x64
		{E1CB7F41-E129-4A9C-A321-0CF6A17DB857}.Debug|Any CPU.Build.0 = Debug|x64
		{E1CB7F41-E129-4A9C-A321-0CF6A17DB857}.Debug|x64.ActiveCfg = Debug|x64
		{E1CB7F41-E129-4A9C-A321-0CF6A17DB857}.Debug|x64.Build.0 = Debug|x64
		{E1CB7F41-E129-4A9C-A321-0CF6A17DB857}.Debug|x86.ActiveCfg = Debug|x64
		{E1CB7F41-E129-4A9C-A321-0CF6A17DB857}.Debug|x86.Build.0 = Debug|x64
		{E1CB7F41-E129-4A9C-A321-0CF6A17DB857}.Release|Any CPU.ActiveCfg = Release|x64
		{E1CB7F41-E129-4A9C-A321-0CF6A17DB857}.Release|Any CPU.Build.0 = Release|x64
		{E1CB7F41-E129-4A9C-A321-0CF6A17DB857}.Release|x64.ActiveCfg = Release|x64
		{E1CB7F41-E129-4A9C-A321-0CF6A17DB857}.Release|x64.Build.0 = Release|x64
		{E1CB7F41-E129-4A9C-A321-0CF6A17DB857}.Release|x86.ActiveCfg = Release|x64
		{E1CB7F41-E129-4A9C-A321-0CF6A17DB857}.Release|x86.Build.0 = Release|x64
		{32FDA6F4-88C6-43B9-A9E8-7E586BF19F7D}.Debug|Any CPU.ActiveCfg = Debug|x64
		{32FDA6F4-88C6-43B9-A9E8-7E586BF19F7D}.Debug|Any CPU.Build.0 = Debug|x64
		{32FDA6F4-88C6-43B9-A9E8-7E586BF19F7D}.Debug|x64.ActiveCfg = Debug|x64
		{32FDA6F4-88C6-43B9-A9E8-7E586BF19F7D}.Debug|x64.Build.0 = Debug|x64
		{32FDA6F4-88C6-43B9-A9E8-7E586BF19F7D}.Debug|x86.ActiveCfg = Debug|x64
		{32FDA6F4-88C6-43B9-A9E8-7E586BF19F7D}.Debug|x86.Build.0 = Debug|x64
		{32FDA6F4-88C6-43B9-A9E8-7E586BF19F7D}.Release|Any CPU.ActiveCfg = Release|x64
		{32FDA6F4-88C6-43B9-A9E8-7E586BF19F7D}.Release|Any CPU.Build.0 = Release|x64
		{32FDA6F4-88C6-43B9-A9E8-7E586BF19F7D}.Release|x64.ActiveCfg = Release|x64
		{32FDA6F4-88C6-43B9-A9E8-7E586BF19F7D}.Release|x64.Build.0 = Release|x64
		{32FDA6F4-88C6-43B9-A9E8-7E586BF19F7D}.Release|x86.ActiveCfg = Release|x64
		{32FDA6F4-88C6-43B9-A9E8-7E586BF19F7D}.Release|x86.Build.0 = Release|x64
		{46E9967C-C061-41B2-A56B-96B624F32278}.Debug|Any CPU.ActiveCfg = Debug|x64
		{46E9967C-C061-41B2-A56B-96B624F32278}.Debug|Any CPU.Build.0 = Debug|x64
		{46E9967C-C061-41B2-A56B-96B624F32278}.Debug|x64.ActiveCfg = Debug|x64
		{46E9967C-C061-41B2-A56B-96B624F32278}.Debug|x64.Build.0 = Debug|x64
		{46E9967C-C061-41B2-A56B-96B624F32278}.Debug|x86.ActiveCfg = Debug|Win32
		{46E9967C-C061-41B2-A56B-96B624F32278}.Debug|x86.Build.0 = Debug|Win32
		{46E9967C-C061-41B2-A56B-96B624F32278}.Release|Any CPU.ActiveCfg = Release|x64
		{46E9967C-C061-41B2-A56B-96B624F32278}.Release|Any CPU.Build.0 = Release|x64
		{46E9967C-C061-41B2-A56B-96B624F32278}.Release|x64.ActiveCfg = Release|x64
		{46E9967C-C061-41B2-A56B-96B624F32278}.Release|x64.Build.0 = Release|x64
		{46E9967C-C061-41B2-A56B-96B624F32278}.Release|x86.ActiveCfg = Release|Win32
		{46E9967C-C061-41B2-A56B-96B624F32278}.Release|x86.Build.0 = Release|Win32
	EndGlobalSection
	GlobalSection(SolutionProperties) = preSolution
		HideSolutionNode = FALSE
	EndGlobalSection
	GlobalSection(ExtensibilityGlobals) = postSolution
		SolutionGuid = {C1E3BDD6-B182-4692-A407-317E885D5181}
	EndGlobalSection
EndGlobal
