{
  "version": 1,
  "dependencies": {
    "net10.0-windows7.0": {
      "Apos.WintabDN": {
        "type": "Direct",
        "requested": "[0.0.1, )",
        "resolved": "0.0.1",
        "contentHash": "0M5zamBBFiWfXONKmyYvDHRLwZJIMHPdSd81M9skQVjPSlH3XuMlNpweCQne+OVvOt56d1sIQenf6ejCREWe9g=="
      },
      "Avalonia": {
        "type": "Direct",
        "requested": "[11.3.9, )",
        "resolved": "11.3.9",
        "contentHash": "YfaTrUxcmVTsGOw2YqdZyunHqZArK16m1pYfNIBvyvAgX89Pzd3A1PgoMkf64u7scL23IN6HkfqhZeFcbYWLoA==",
        "dependencies": {
          "Avalonia.BuildServices": "11.3.2",
          "Avalonia.Remote.Protocol": "11.3.9",
          "MicroCom.Runtime": "0.11.0"
        }
      },
      "Avalonia.Desktop": {
        "type": "Direct",
        "requested": "[11.3.9, )",
        "resolved": "11.3.9",
        "contentHash": "zOHbAssjjLz85a2RONK2UMfV/uqMtot9lxcUrSrwa3SneEm8ALeg6Pewc0u/YqvVRI5pyTm4HCtN9w5yRK0uZg==",
        "dependencies": {
          "Avalonia": "11.3.9",
          "Avalonia.Native": "11.3.9",
          "Avalonia.Skia": "11.3.9",
          "Avalonia.Win32": "11.3.9",
          "Avalonia.X11": "11.3.9"
        }
      },
      "Avalonia.Diagnostics": {
        "type": "Direct",
        "requested": "[11.3.9, )",
        "resolved": "11.3.9",
        "contentHash": "d2XGagyYZvFGv6adGrEzCNyoF+6Pfl+YU9zfUE4XyYBMw1zQcv2TBL6nRduZnqlCovf+zJZnNHA8cqpvwWJp7Q==",
        "dependencies": {
          "Avalonia": "11.3.9",
          "Avalonia.Controls.ColorPicker": "11.3.9",
          "Avalonia.Themes.Simple": "11.3.9"
        }
      },
      "Avalonia.Fonts.Inter": {
        "type": "Direct",
        "requested": "[11.3.9, )",
        "resolved": "11.3.9",
        "contentHash": "g5qaObmtQUNqtuONcoYv6wrN3fNZ3ATyBohOtFAEyopwwFNQPcQaA+JSgW+AFmdBXaBOuvxthD8P4qglagNUvw==",
        "dependencies": {
          "Avalonia": "11.3.9"
        }
      },
      "Avalonia.Markup.Xaml.Loader": {
        "type": "Direct",
        "requested": "[11.3.9, )",
        "resolved": "11.3.9",
        "contentHash": "B0UnczjPXhJLPNRm1U4P10r9sB85hsjbdYIt5N+tBBxfSvvD9BSu0k4vVEK2UvD1biCJe6BkRhSdRtEhCcGGfA==",
        "dependencies": {
          "Avalonia": "11.3.9"
        }
      },
      "Avalonia.Themes.Simple": {
        "type": "Direct",
        "requested": "[11.3.9, )",
        "resolved": "11.3.9",
        "contentHash": "BicF6GQJJs6sI5+GcuTujnUdMijVyBpD3QD9O9ZpqkSSDE3vyZFbRZb5MyCBlPu/LxPANnKoTW95erlpYIICTw==",
        "dependencies": {
          "Avalonia": "11.3.9"
        }
      },
      "CommunityToolkit.Mvvm": {
        "type": "Direct",
        "requested": "[8.4.0, )",
        "resolved": "8.4.0",
        "contentHash": "tqVU8yc/ADO9oiTRyTnwhFN68hCwvkliMierptWOudIAvWY1mWCh5VFh+guwHJmpMwfg0J0rY+yyd5Oy7ty9Uw=="
      },
      "Crayon": {
        "type": "Direct",
        "requested": "[2.0.69, )",
        "resolved": "2.0.69",
        "contentHash": "eJHxoMTfhZs1782YUIMafXIDTPcTwAV5I3MNsl2d4Mn61/h3ABPMSzHwzigL/NO7BrCKRoP4gHJuERpLHdSCvg=="
      },
      "DalamudPackager": {
        "type": "Direct",
        "requested": "[13.0.0, )",
        "resolved": "13.0.0",
        "contentHash": "Mb3cUDSK/vDPQ8gQIeuCw03EMYrej1B4J44a1AvIJ9C759p9XeqdU9Hg4WgOmlnlPe0G7ILTD32PKSUpkQNa8w=="
      },
      "DotNet.ReproducibleBuilds": {
        "type": "Direct",
        "requested": "[1.2.25, )",
        "resolved": "1.2.25",
        "contentHash": "xCXiw7BCxHJ8pF6wPepRUddlh2dlQlbr81gXA72hdk4FLHkKXas7EH/n+fk5UCA/YfMqG1Z6XaPiUjDbUNBUzg=="
      },
      "lz4net": {
        "type": "Direct",
        "requested": "[1.0.15.93, )",
        "resolved": "1.0.15.93",
        "contentHash": "s92+YYtH4tiw0/0a7cyb+EXAOICtxZgPA1cL19L8paJZe39QViBaNl24o9ETBJxjgbm11OIMjuMUzX86id6SEg==",
        "dependencies": {
          "NETStandard.Library": "1.6.1",
          "lz4net.unsafe.netcore": "[1.0.15.93]"
        }
      },
      "Microsoft.CodeAnalysis.Common": {
        "type": "Direct",
        "requested": "[4.14.0, )",
        "resolved": "4.14.0",
        "contentHash": "PC3tuwZYnC+idaPuoC/AZpEdwrtX7qFpmnrfQkgobGIWiYmGi5MCRtl5mx6QrfMGQpK78X2lfIEoZDLg/qnuHg==",
        "dependencies": {
          "Microsoft.CodeAnalysis.Analyzers": "3.11.0"
        }
      },
      "Microsoft.CodeAnalysis.CSharp": {
        "type": "Direct",
        "requested": "[4.14.0, )",
        "resolved": "4.14.0",
        "contentHash": "568a6wcTivauIhbeWcCwfWwIn7UV7MeHEBvFB2uzGIpM2OhJ4eM/FZ8KS0yhPoNxnSpjGzz7x7CIjTxhslojQA==",
        "dependencies": {
          "Microsoft.CodeAnalysis.Analyzers": "3.11.0",
          "Microsoft.CodeAnalysis.Common": "[4.14.0]"
        }
      },
      "Microsoft.CodeAnalysis.CSharp.Scripting": {
        "type": "Direct",
        "requested": "[4.14.0, )",
        "resolved": "4.14.0",
        "contentHash": "Ji6L9o7JY7tVMthoqInsksPLDE0tfAvJURC9Xe038N4FyXH2wKS4K/sG/bDbdJoK1oFIOLtyPEe2POJ+/AeGZg==",
        "dependencies": {
          "Microsoft.CodeAnalysis.Analyzers": "3.11.0",
          "Microsoft.CodeAnalysis.CSharp": "[4.14.0]",
          "Microsoft.CodeAnalysis.Common": "[4.14.0]",
          "Microsoft.CodeAnalysis.Scripting.Common": "[4.14.0]"
        }
      },
      "Microsoft.Windows.CsWin32": {
        "type": "Direct",
        "requested": "[0.3.183, )",
        "resolved": "0.3.183",
        "contentHash": "Ze3aE2y7xgzKxEWtNb4SH0CExXpCHr3sbmwnvMiWMzJhWDX/G4Rs5wgg2UNs3VN+qVHh/DkDWLCPaVQv/b//Nw==",
        "dependencies": {
          "Microsoft.Windows.SDK.Win32Docs": "0.1.42-alpha",
          "Microsoft.Windows.SDK.Win32Metadata": "61.0.15-preview",
          "Microsoft.Windows.WDK.Win32Metadata": "0.12.8-experimental"
        }
      },
      "PropertyGenerator.Avalonia": {
        "type": "Direct",
        "requested": "[1.2.6, )",
        "resolved": "1.2.6",
        "contentHash": "TlYuGaFGppR5H7KJwUzabaDYARL2D5+urJbbQlvdX61HTTfm/KpGb7b9XeG9INFi1HLjUXPZ4ad0RY0zHJzVjw==",
        "dependencies": {
          "Avalonia": "11.3.0",
          "Microsoft.CodeAnalysis.CSharp": "4.14.0"
        }
      },
      "SharpDX": {
        "type": "Direct",
        "requested": "[4.2.0, )",
        "resolved": "4.2.0",
        "contentHash": "3pv0LFMvfK/dv1qISJnn8xBeeT6R/FRvr0EV4KI2DGsL84Qlv6P7isWqxGyU0LCwlSVCJN3jgHJ4Bl0KI2PJww==",
        "dependencies": {
          "NETStandard.Library": "1.6.1"
        }
      },
      "SharpDX.D3DCompiler": {
        "type": "Direct",
        "requested": "[4.2.0, )",
        "resolved": "4.2.0",
        "contentHash": "Rnsd6Ilp127xbXqhTit8WKFQUrXwWxqVGpglyWDNkIBCk0tWXNQEjrJpsl0KAObzyZaa33+EXAikLVt5fnd3GA==",
        "dependencies": {
          "NETStandard.Library": "1.6.1",
          "SharpDX": "4.2.0"
        }
      },
      "SharpDX.Direct3D11": {
        "type": "Direct",
        "requested": "[4.2.0, )",
        "resolved": "4.2.0",
        "contentHash": "oTm/iT5X/IIuJ8kNYP+DTC/MhBhqtRF5dbgPPFgLBdQv0BKzNTzXQQXd7SveBFjQg6hXEAJ2jGCAzNYvGFc9LA==",
        "dependencies": {
          "NETStandard.Library": "1.6.1",
          "SharpDX": "4.2.0",
          "SharpDX.DXGI": "4.2.0"
        }
      },
      "SharpDX.Direct3D9": {
        "type": "Direct",
        "requested": "[4.2.0, )",
        "resolved": "4.2.0",
        "contentHash": "1KgqXvPj/j5hLYxfcOQoJdHskamu7EWg60n9LBAYhun7dR+sKS0ZDNb7NuKwFP1bM0HZqvokjXQIf3oA2NpdqA==",
        "dependencies": {
          "NETStandard.Library": "1.6.1",
          "SharpDX": "4.2.0"
        }
      },
      "SharpDX.DXGI": {
        "type": "Direct",
        "requested": "[4.2.0, )",
        "resolved": "4.2.0",
        "contentHash": "UjKqkgWc8U+SP+j3LBzFP6OB6Ntapjih7Xo+g1rLcsGbIb5KwewBrBChaUu7sil8rWoeVU/k0EJd3SMN4VqNZw==",
        "dependencies": {
          "NETStandard.Library": "1.6.1",
          "SharpDX": "4.2.0"
        }
      },
      "SixLabors.ImageSharp": {
        "type": "Direct",
        "requested": "[3.1.11, )",
        "resolved": "3.1.11",
        "contentHash": "JfPLyigLthuE50yi6tMt7Amrenr/fA31t2CvJyhy/kQmfulIBAqo5T/YFUSRHtuYPXRSaUHygFeh6Qd933EoSw=="
      },
      "SixLabors.ImageSharp.Drawing": {
        "type": "Direct",
        "requested": "[2.1.7, )",
        "resolved": "2.1.7",
        "contentHash": "9KwCo9Fa350cx6ckpsy8NqXQZKwir4RQ8Kj0sdCmJA7wsK9FMyfgC527Sn4l/D6bj2ditSHlhS7dGzcgGszvSQ==",
        "dependencies": {
          "SixLabors.Fonts": "2.1.3",
          "SixLabors.ImageSharp": "3.1.11"
        }
      },
      "StyleCop.Analyzers.Unstable": {
        "type": "Direct",
        "requested": "[1.2.0.556, )",
        "resolved": "1.2.0.556",
        "contentHash": "zvn9Mqs/ox/83cpYPignI8hJEM2A93s2HkHs8HYMOAQW0PkampyoErAiIyKxgTLqbbad29HX/shv/6LGSjPJNQ=="
      },
      "Svg.Controls.Avalonia": {
        "type": "Direct",
        "requested": "[11.3.9.2, )",
        "resolved": "11.3.9.2",
        "contentHash": "lBg2jcQhagXHE5+74Mf7I5yIJilgI5iDT6AepmemUXjQqGdFdDEHSoB6K7ioUwbf+z/+YerWHOBt+KfW3CeAuQ==",
        "dependencies": {
          "Avalonia": "11.3.9",
          "Svg.Model": "3.4.1"
        }
      },
      "Avalonia.Angle.Windows.Natives": {
        "type": "Transitive",
        "resolved": "2.1.25547.20250602",
        "contentHash": "ZL0VLc4s9rvNNFt19Pxm5UNAkmKNylugAwJPX9ulXZ6JWs/l6XZihPWWTyezaoNOVyEPU8YbURtW7XMAtqXH5A=="
      },
      "Avalonia.BuildServices": {
        "type": "Transitive",
        "resolved": "11.3.2",
        "contentHash": "qHDToxto1e3hci5YqbG9n0Ty8mlp3zBUN5wT66wKqaDVzXyQ0do3EnRILd4Ke9jpvsktaPpgE0YjEk7hornryQ=="
      },
      "Avalonia.Controls.ColorPicker": {
        "type": "Transitive",
        "resolved": "11.3.9",
        "contentHash": "AVn/h8R/jhlHLIImECZnCTpcrcRo319J7y2gJ/YU4ELMaCsRTmWY3dxlRyBDbyCukURTupGmsPy6gb7XEYbWow==",
        "dependencies": {
          "Avalonia": "11.3.9",
          "Avalonia.Remote.Protocol": "11.3.9"
        }
      },
      "Avalonia.FreeDesktop": {
        "type": "Transitive",
        "resolved": "11.3.9",
        "contentHash": "PLFQTyzo9T7PpFgE0vYgWjxOXAKwStUxMDdLZAw3vaczKBheUNj2sINiFo60dYPMbW9f2yAVHfHcnReRsjuLDg==",
        "dependencies": {
          "Avalonia": "11.3.9",
          "Tmds.DBus.Protocol": "0.21.2"
        }
      },
      "Avalonia.Native": {
        "type": "Transitive",
        "resolved": "11.3.9",
        "contentHash": "l8hIlbLOMRVPM0RPX1Er+qnhoGi8TcfTe60f7sxsAbVbvVFC1hdzCya0SyU+F2nWLoFH8AF2/KRPbkM2f4OjXw==",
        "dependencies": {
          "Avalonia": "11.3.9"
        }
      },
      "Avalonia.Remote.Protocol": {
        "type": "Transitive",
        "resolved": "11.3.9",
        "contentHash": "2XVLTSNa+Nvwu4D8NqqdudhllTaCRA9ZKlLZZvYLZeuLlzg7OcAV+df/biHQc6AqOv7iMFR9K5Zt3wG0EF4KfQ=="
      },
      "Avalonia.Skia": {
        "type": "Transitive",
        "resolved": "11.3.9",
        "contentHash": "8Jg1D9RxL377uUz8kiJcgvTfc/jQKF1jvNTkih+lRFmjMA8ZdLt4ZB5E6Yd6lIRH25DbE/4+oHe8pKHey3LfgQ==",
        "dependencies": {
          "Avalonia": "11.3.9",
          "HarfBuzzSharp": "8.3.1.1",
          "HarfBuzzSharp.NativeAssets.Linux": "8.3.1.1",
          "HarfBuzzSharp.NativeAssets.WebAssembly": "8.3.1.1",
          "SkiaSharp": "2.88.9",
          "SkiaSharp.NativeAssets.Linux": "2.88.9",
          "SkiaSharp.NativeAssets.WebAssembly": "2.88.9"
        }
      },
      "Avalonia.Win32": {
        "type": "Transitive",
        "resolved": "11.3.9",
        "contentHash": "gWOlzYCO1278eRwnvlmGd346nUgWu30MetwfMmBZ4flQrjoQNXB5rUrpQxLS1egyvpupkeUSFDuyJSK/qqcX/g==",
        "dependencies": {
          "Avalonia": "11.3.9",
          "Avalonia.Angle.Windows.Natives": "2.1.25547.20250602"
        }
      },
      "Avalonia.X11": {
        "type": "Transitive",
        "resolved": "11.3.9",
        "contentHash": "YurSHKV585ydR7CaifcHroY2ujZJR4LZpDtHW9KOCowMcFhbzXNSI0unxAyF5nMQbzg96Itl4gopDX7LulzuLg==",
        "dependencies": {
          "Avalonia": "11.3.9",
          "Avalonia.FreeDesktop": "11.3.9",
          "Avalonia.Skia": "11.3.9"
        }
      },
      "ExCSS": {
        "type": "Transitive",
        "resolved": "4.3.1",
        "contentHash": "A8UtcghHQlWxPJhJF5bsfEYO7068JHGTuJ7tzyyMjd5fE/N/xY1cVOUhzuLLFwMOCJVnM4mqSQc93W9fGfZ1kA=="
      },
      "HarfBuzzSharp": {
        "type": "Transitive",
        "resolved": "8.3.1.1",
        "contentHash": "tLZN66oe/uiRPTZfrCU4i8ScVGwqHNh5MHrXj0yVf4l7Mz0FhTGnQ71RGySROTmdognAs0JtluHkL41pIabWuQ==",
        "dependencies": {
          "HarfBuzzSharp.NativeAssets.Win32": "8.3.1.1",
          "HarfBuzzSharp.NativeAssets.macOS": "8.3.1.1"
        }
      },
      "HarfBuzzSharp.NativeAssets.Linux": {
        "type": "Transitive",
        "resolved": "8.3.1.1",
        "contentHash": "3EZ1mpIiKWRLL5hUYA82ZHteeDIVaEA/Z0rA/wU6tjx6crcAkJnBPwDXZugBSfo8+J3EznvRJf49uMsqYfKrHg=="
      },
      "HarfBuzzSharp.NativeAssets.macOS": {
        "type": "Transitive",
        "resolved": "8.3.1.1",
        "contentHash": "jbtCsgftcaFLCA13tVKo5iWdElJScrulLTKJre36O4YQTIlwDtPPqhRZNk+Y0vv4D1gxbscasGRucUDfS44ofQ=="
      },
      "HarfBuzzSharp.NativeAssets.WebAssembly": {
        "type": "Transitive",
        "resolved": "8.3.1.1",
        "contentHash": "loJweK2u/mH/3C2zBa0ggJlITIszOkK64HLAZB7FUT670dTg965whLFYHDQo69NmC4+d9UN0icLC9VHidXaVCA=="
      },
      "HarfBuzzSharp.NativeAssets.Win32": {
        "type": "Transitive",
        "resolved": "8.3.1.1",
        "contentHash": "UsJtQsfAJoFDZrXc4hCUfRPMqccfKZ0iumJ/upcUjz/cmsTgVFGNEL5yaJWmkqsuFYdMWbj/En5/kS4PFl9hBA=="
      },
      "lz4net.unsafe.netcore": {
        "type": "Transitive",
        "resolved": "1.0.15.93",
        "contentHash": "tuJA5s13/5AF+fUcvERBBXtzK/gARwpJiHrqsCh2UH57e8qNp+WETNrKw63byK0Zle4OVTwuWgN0cY/uSc388Q==",
        "dependencies": {
          "NETStandard.Library": "1.6.1"
        }
      },
      "MicroCom.Runtime": {
        "type": "Transitive",
        "resolved": "0.11.0",
        "contentHash": "MEnrZ3UIiH40hjzMDsxrTyi8dtqB5ziv3iBeeU4bXsL/7NLSal9F1lZKpK+tfBRnUoDSdtcW3KufE4yhATOMCA=="
      },
      "Microsoft.CodeAnalysis.Analyzers": {
        "type": "Transitive",
        "resolved": "3.11.0",
        "contentHash": "v/EW3UE8/lbEYHoC2Qq7AR/DnmvpgdtAMndfQNmpuIMx/Mto8L5JnuCfdBYtgvalQOtfNCnxFejxuRrryvUTsg=="
      },
      "Microsoft.CodeAnalysis.Scripting.Common": {
        "type": "Transitive",
        "resolved": "4.14.0",
        "contentHash": "YRFoYZQU4VPlB+Xwwtj8gIHXxMyuhGXyj207IWHcsSNaJtW83My0FGv6jtN9gC/HkxgjdMYJORPjBwUx3+FVjQ==",
        "dependencies": {
          "Microsoft.CodeAnalysis.Analyzers": "3.11.0",
          "Microsoft.CodeAnalysis.Common": "[4.14.0]"
        }
      },
      "Microsoft.NETCore.Platforms": {
        "type": "Transitive",
        "resolved": "1.1.0",
        "contentHash": "kz0PEW2lhqygehI/d6XsPCQzD7ff7gUJaVGPVETX611eadGsA3A877GdSlU0LRVMCTH/+P3o2iDTak+S08V2+A=="
      },
      "Microsoft.Windows.SDK.Win32Docs": {
        "type": "Transitive",
        "resolved": "0.1.42-alpha",
        "contentHash": "Z/9po23gUA9aoukirh2ItMU2ZS9++Js9Gdds9fu5yuMojDrmArvY2y+tq9985tR3cxFxpZO1O35Wjfo0khj5HA=="
      },
      "Microsoft.Windows.SDK.Win32Metadata": {
        "type": "Transitive",
        "resolved": "61.0.15-preview",
        "contentHash": "cysex3dazKtCPALCluC2XX3f5Aedy9H2pw5jb+TW5uas2rkem1Z7FRnbUrg2vKx0pk0Qz+4EJNr37HdYTEcvEQ=="
      },
      "Microsoft.Windows.WDK.Win32Metadata": {
        "type": "Transitive",
        "resolved": "0.12.8-experimental",
        "contentHash": "3n8R44/Z96Ly+ty4eYVJfESqbzvpw96lRLs3zOzyDmr1x1Kw7FNn5CyE416q+bZQV3e1HRuMUvyegMeRE/WedA==",
        "dependencies": {
          "Microsoft.Windows.SDK.Win32Metadata": "61.0.15-preview"
        }
      },
      "NETStandard.Library": {
        "type": "Transitive",
        "resolved": "1.6.1",
        "contentHash": "WcSp3+vP+yHNgS8EV5J7pZ9IRpeDuARBPN28by8zqff1wJQXm26PVU8L3/fYLBJVU7BtDyqNVWq2KlCVvSSR4A==",
        "dependencies": {
          "Microsoft.NETCore.Platforms": "1.1.0"
        }
      },
      "ShimSkiaSharp": {
        "type": "Transitive",
        "resolved": "3.4.1",
        "contentHash": "ab3J5OGdwYLyXnom90OghS9NyRPH9dtsRtW5B3mL+F43YTlxido3nUtiR9NjB/sI3jvG/J744C29bsSBQ28AfQ=="
      },
      "SixLabors.Fonts": {
        "type": "Transitive",
        "resolved": "2.1.3",
        "contentHash": "ORWbZ5BHrC/LZvo+Y09MnoJq5VUKD85LsYALk+YI7CHFra+m5arCkz00IntDM6SrAiB22bvSdKtKmuCyHOKlqg=="
      },
      "SkiaSharp": {
        "type": "Transitive",
        "resolved": "2.88.9",
        "contentHash": "3MD5VHjXXieSHCleRLuaTXmL2pD0mB7CcOB1x2kA1I4bhptf4e3R27iM93264ZYuAq6mkUyX5XbcxnZvMJYc1Q==",
        "dependencies": {
          "SkiaSharp.NativeAssets.Win32": "2.88.9",
          "SkiaSharp.NativeAssets.macOS": "2.88.9"
        }
      },
      "SkiaSharp.NativeAssets.Linux": {
        "type": "Transitive",
        "resolved": "2.88.9",
        "contentHash": "cWSaJKVPWAaT/WIn9c8T5uT/l4ETwHxNJTkEOtNKjphNo8AW6TF9O32aRkxqw3l8GUdUo66Bu7EiqtFh/XG0Zg==",
        "dependencies": {
          "SkiaSharp": "2.88.9"
        }
      },
      "SkiaSharp.NativeAssets.macOS": {
        "type": "Transitive",
        "resolved": "2.88.9",
        "contentHash": "Nv5spmKc4505Ep7oUoJ5vp3KweFpeNqxpyGDWyeEPTX2uR6S6syXIm3gj75dM0YJz7NPvcix48mR5laqs8dPuA=="
      },
      "SkiaSharp.NativeAssets.WebAssembly": {
        "type": "Transitive",
        "resolved": "2.88.9",
        "contentHash": "kt06RccBHSnAs2wDYdBSfsjIDbY3EpsOVqnlDgKdgvyuRA8ZFDaHRdWNx1VHjGgYzmnFCGiTJBnXFl5BqGwGnA=="
      },
      "SkiaSharp.NativeAssets.Win32": {
        "type": "Transitive",
        "resolved": "2.88.9",
        "contentHash": "wb2kYgU7iy84nQLYZwMeJXixvK++GoIuECjU4ECaUKNuflyRlJKyiRhN1MAHswvlvzuvkrjRWlK0Za6+kYQK7w=="
      },
      "Svg.Custom": {
        "type": "Transitive",
        "resolved": "3.4.1",
        "contentHash": "ksHa7Zv8X1InxSWAeM0sSSvZM2W6FWgneXjU0bdYrQ20Q6q0nl3g0uaSWe53i/CC1OmR+/JAxsp8E3/wigtcng==",
        "dependencies": {
          "ExCSS": "4.3.1"
        }
      },
      "Svg.Model": {
        "type": "Transitive",
        "resolved": "3.4.1",
        "contentHash": "Zn04CWWIwV+qlJ4x4vg8FdCYNew5dRcsvkcCpzZggFKHGExIn4WTBtJMuLH8htuiLnbbgF6woIYpUll+seHfjw==",
        "dependencies": {
          "ShimSkiaSharp": "3.4.1",
          "Svg.Custom": "3.4.1"
        }
      },
      "Tmds.DBus.Protocol": {
        "type": "Transitive",
        "resolved": "0.21.2",
        "contentHash": "ScSMrUrrw8px4kK1Glh0fZv/HQUlg1078bNXNPfRPKQ3WbRzV9HpsydYEOgSoMK5LWICMf2bMwIFH0pGjxjcMA=="
      }
    }
  }
}